
Microsoft Visual Studio Solution File, Format Version 12.00
# Visual Studio Version 17
VisualStudioVersion = 17.9.34616.47
MinimumVisualStudioVersion = 10.0.40219.1
Project("{FAE04EC0-301F-11D3-BF4B-00C04F79EFBC}") = "MoneyGer.Server", "MoneyGer.Server\MoneyGer.Server.csproj", "{1B8B0F54-6E03-40A7-A325-820E75AA589D}"
EndProject
Project("{54A90642-561A-4BB1-A94E-469ADEE60C69}") = "moneyger.client", "moneyger.client\moneyger.client.esproj", "{170617E4-2DEF-45C3-AEF9-456F4B74FCDE}"
EndProject
Global
	GlobalSection(SolutionConfigurationPlatforms) = preSolution
		Debug|Any CPU = Debug|Any CPU
		Release|Any CPU = Release|Any CPU
	EndGlobalSection
	GlobalSection(ProjectConfigurationPlatforms) = postSolution
		{1B8B0F54-6E03-40A7-A325-820E75AA589D}.Debug|Any CPU.ActiveCfg = Debug|Any CPU
		{1B8B0F54-6E03-40A7-A325-820E75AA589D}.Debug|Any CPU.Build.0 = Debug|Any CPU
		{1B8B0F54-6E03-40A7-A325-820E75AA589D}.Release|Any CPU.ActiveCfg = Release|Any CPU
		{1B8B0F54-6E03-40A7-A325-820E75AA589D}.Release|Any CPU.Build.0 = Release|Any CPU
		{170617E4-2DEF-45C3-AEF9-456F4B74FCDE}.Debug|Any CPU.ActiveCfg = Debug|Any CPU
		{170617E4-2DEF-45C3-AEF9-456F4B74FCDE}.Debug|Any CPU.Build.0 = Debug|Any CPU
		{170617E4-2DEF-45C3-AEF9-456F4B74FCDE}.Debug|Any CPU.Deploy.0 = Debug|Any CPU
		{170617E4-2DEF-45C3-AEF9-456F4B74FCDE}.Release|Any CPU.ActiveCfg = Release|Any CPU
		{170617E4-2DEF-45C3-AEF9-456F4B74FCDE}.Release|Any CPU.Build.0 = Release|Any CPU
		{170617E4-2DEF-45C3-AEF9-456F4B74FCDE}.Release|Any CPU.Deploy.0 = Release|Any CPU
	EndGlobalSection
	GlobalSection(SolutionProperties) = preSolution
		HideSolutionNode = FALSE
	EndGlobalSection
	GlobalSection(ExtensibilityGlobals) = postSolution
		SolutionGuid = {7F01A700-FA45-42F6-90ED-F9C00134894E}
	EndGlobalSection
EndGlobal
